
Microsoft Visual Studio Solution File, Format Version 12.00
# Visual Studio 15
VisualStudioVersion = 15.0.26730.15
MinimumVisualStudioVersion = 10.0.40219.1
Project("{FAE04EC0-301F-11D3-BF4B-00C04F79EFBC}") = "Tili-Toli", "Tili-Toli\Tili-Toli.csproj", "{4BC862D3-20DE-4FB4-8B41-F928A0F8F54A}"
EndProject
Global
	GlobalSection(SolutionConfigurationPlatforms) = preSolution
		Debug|Any CPU = Debug|Any CPU
		Release|Any CPU = Release|Any CPU
	EndGlobalSection
	GlobalSection(ProjectConfigurationPlatforms) = postSolution
		{4BC862D3-20DE-4FB4-8B41-F928A0F8F54A}.Debug|Any CPU.ActiveCfg = Debug|Any CPU
		{4BC862D3-20DE-4FB4-8B41-F928A0F8F54A}.Debug|Any CPU.Build.0 = Debug|Any CPU
		{4BC862D3-20DE-4FB4-8B41-F928A0F8F54A}.Release|Any CPU.ActiveCfg = Release|Any CPU
		{4BC862D3-20DE-4FB4-8B41-F928A0F8F54A}.Release|Any CPU.Build.0 = Release|Any CPU
	EndGlobalSection
	GlobalSection(SolutionProperties) = preSolution
		HideSolutionNode = FALSE
	EndGlobalSection
	GlobalSection(ExtensibilityGlobals) = postSolution
		SolutionGuid = {4EAA5670-B0D4-4FE6-A306-1D62F5F21974}
	EndGlobalSection
EndGlobal
